
Microsoft Visual Studio Solution File, Format Version 12.00
# Visual Studio 15
VisualStudioVersion = 15.0.27130.2010
MinimumVisualStudioVersion = 10.0.40219.1
Project("{9A19103F-16F7-4668-BE54-9A1E7A4F7556}") = "SolutionInspector", "SolutionInspector\SolutionInspector.csproj", "{A05184B5-64A1-4341-8263-D0EFFCE473D1}"
EndProject
Project("{9A19103F-16F7-4668-BE54-9A1E7A4F7556}") = "SolutionInspector.Commons", "SolutionInspector.Commons\SolutionInspector.Commons.csproj", "{245E6AD9-9D48-40EA-BACD-4FA117752607}"
EndProject
Project("{9A19103F-16F7-4668-BE54-9A1E7A4F7556}") = "SolutionInspector.Configuration", "SolutionInspector.Configuration\SolutionInspector.Configuration.csproj", "{A0A4189F-B744-4206-B19A-335AC7765483}"
EndProject
Project("{9A19103F-16F7-4668-BE54-9A1E7A4F7556}") = "SolutionInspector.Api", "SolutionInspector.Api\SolutionInspector.Api.csproj", "{949D1FC7-01AC-4A6C-BB8E-577DA7EDE4BB}"
EndProject
Project("{9A19103F-16F7-4668-BE54-9A1E7A4F7556}") = "SolutionInspector.Internals", "SolutionInspector.Internals\SolutionInspector.Internals.csproj", "{D1E791C5-3E5D-44F0-BDC1-58C20C990E9F}"
EndProject
Project("{9A19103F-16F7-4668-BE54-9A1E7A4F7556}") = "SolutionInspector.DefaultRules", "SolutionInspector.DefaultRules\SolutionInspector.DefaultRules.csproj", "{D8B6BF18-70FF-42EC-863B-FDAEC76A67C9}"
EndProject
Project("{9A19103F-16F7-4668-BE54-9A1E7A4F7556}") = "SolutionInspector.Tests", "SolutionInspector.Tests\SolutionInspector.Tests.csproj", "{3EAFF724-93EA-4605-9AAC-1B1AD54ABF03}"
EndProject
Project("{9A19103F-16F7-4668-BE54-9A1E7A4F7556}") = "SolutionInspector.TestInfrastructure", "SolutionInspector.TestInfrastructure\SolutionInspector.TestInfrastructure.csproj", "{9D21633C-F351-4E20-96FF-628FDDA105A4}"
EndProject
Project("{9A19103F-16F7-4668-BE54-9A1E7A4F7556}") = "SolutionInspector.Internals.Tests", "SolutionInspector.Internals.Tests\SolutionInspector.Internals.Tests.csproj", "{8CF17AA9-D192-4DDF-B35D-712EC98B1198}"
EndProject
Project("{9A19103F-16F7-4668-BE54-9A1E7A4F7556}") = "SolutionInspector.DefaultRules.Tests", "SolutionInspector.DefaultRules.Tests\SolutionInspector.DefaultRules.Tests.csproj", "{4041DF79-7DC6-4CA4-85AB-AC1DB118EA1A}"
EndProject
Project("{9A19103F-16F7-4668-BE54-9A1E7A4F7556}") = "SolutionInspector.Configuration.Tests", "SolutionInspector.Configuration.Tests\SolutionInspector.Configuration.Tests.csproj", "{5E51EEFB-39DA-4CA8-8B17-67AB9A42C999}"
EndProject
Project("{9A19103F-16F7-4668-BE54-9A1E7A4F7556}") = "SolutionInspector.Commons.Tests", "SolutionInspector.Commons.Tests\SolutionInspector.Commons.Tests.csproj", "{A21918D6-BD33-45E7-A81D-3DFFA0D970B4}"
EndProject
Project("{9A19103F-16F7-4668-BE54-9A1E7A4F7556}") = "SolutionInspector.Api.Tests", "SolutionInspector.Api.Tests\SolutionInspector.Api.Tests.csproj", "{F8F0A954-F084-4E28-971D-30DE164FCB58}"
EndProject
Project("{2150E333-8FDC-42A3-9474-1A3956D46DE8}") = ".Build", ".Build", "{BE126A92-30D9-43F3-9083-1B3A833F0FDC}"
	ProjectSection(SolutionItems) = preProject
		..\appveyor.yml = ..\appveyor.yml
		Build-Analyze.cmd = Build-Analyze.cmd
		Build-Package.cmd = Build-Package.cmd
		Build-Tests.cmd = Build-Tests.cmd
		Build.cmd = Build.cmd
		Build.ps1 = Build.ps1
		InsertSourceLinks.msbuild = InsertSourceLinks.msbuild
	EndProjectSection
EndProject
Project("{2150E333-8FDC-42A3-9474-1A3956D46DE8}") = "Shared", "Shared", "{691AAF90-584D-46C8-962C-8F375A6D30B9}"
	ProjectSection(SolutionItems) = preProject
		Shared\Build\Build.AppVeyor.ps1 = Shared\Build\Build.AppVeyor.ps1
		Shared\Build\Build.Common.ps1 = Shared\Build\Build.Common.ps1
		Shared\Build\Build.Logging.ps1 = Shared\Build\Build.Logging.ps1
		Shared\Build\Build.MSBuild.ps1 = Shared\Build\Build.MSBuild.ps1
		Shared\Build\Build.NuGet.ps1 = Shared\Build\Build.NuGet.ps1
		Shared\Build\Build.Reporting.AppVeyor.ps1 = Shared\Build\Build.Reporting.AppVeyor.ps1
		Shared\Build\Build.Reporting.Local.ps1 = Shared\Build\Build.Reporting.Local.ps1
		Shared\Build\Build.ReSharperInspectCode.ps1 = Shared\Build\Build.ReSharperInspectCode.ps1
		Shared\Build\Build.Testing.ps1 = Shared\Build\Build.Testing.ps1
		Shared\Build\Build.Versioning.ps1 = Shared\Build\Build.Versioning.ps1
		Shared\Build\BuildLibrary.ps1 = Shared\Build\BuildLibrary.ps1
		Shared\Build\Versioning.ps1 = Shared\Build\Versioning.ps1
	EndProjectSection
EndProject
Project("{2150E333-8FDC-42A3-9474-1A3956D46DE8}") = ".Docs", ".Docs", "{4AAB551E-4948-41C5-96AD-C90AE643D243}"
	ProjectSection(SolutionItems) = preProject
		..\CHANGELOG.md = ..\CHANGELOG.md
		..\LICENSE = ..\LICENSE
		..\README.md = ..\README.md
		..\ROADMAP.md = ..\ROADMAP.md
	EndProjectSection
EndProject
Project("{2150E333-8FDC-42A3-9474-1A3956D46DE8}") = ".NuGet", ".NuGet", "{A0DBDD3D-D49C-4B58-8845-126545AEFCE4}"
	ProjectSection(SolutionItems) = preProject
		.NuGet\NuGet.config = .NuGet\NuGet.config
		.NuGet\NuGet.exe = .NuGet\NuGet.exe
	EndProjectSection
EndProject
Project("{2150E333-8FDC-42A3-9474-1A3956D46DE8}") = ".Shared", ".Shared", "{27820656-B298-448B-8385-7E06805C5822}"
	ProjectSection(SolutionItems) = preProject
		AssemblyInfoShared.cs = AssemblyInfoShared.cs
		BuildNuGetPackage.msbuild = BuildNuGetPackage.msbuild
		FodyWeavers.xml = FodyWeavers.xml
		Shared.msbuild = Shared.msbuild
		Shared.Test.msbuild = Shared.Test.msbuild
	EndProjectSection
EndProject
Project("{FAE04EC0-301F-11D3-BF4B-00C04F79EFBC}") = "SolutionPackages", "SolutionPackages\SolutionPackages.csproj", "{A094B4E4-7328-4A4C-9474-F12F483F03E3}"
EndProject
Project("{9A19103F-16F7-4668-BE54-9A1E7A4F7556}") = "SolutionInspector.TestInfrastructure.Api", "SolutionInspector.TestInfrastructure.Api\SolutionInspector.TestInfrastructure.Api.csproj", "{429DBE70-63FC-4B80-8402-FF7361495793}"
EndProject
Project("{2150E333-8FDC-42A3-9474-1A3956D46DE8}") = ".Misc", ".Misc", "{88CABDCC-0F35-4625-9A3D-DB901E34BC25}"
	ProjectSection(SolutionItems) = preProject
		SolutionInspector.sln.SolutionInspectorRuleset = SolutionInspector.sln.SolutionInspectorRuleset
	EndProjectSection
EndProject
Project("{9A19103F-16F7-4668-BE54-9A1E7A4F7556}") = "SolutionInspector.BuildTool", "SolutionInspector.Configuration.SchemaGenerator\SolutionInspector.BuildTool.csproj", "{9726E306-82A3-40B6-A95E-2B9DF0F9923C}"
EndProject
Project("{9A19103F-16F7-4668-BE54-9A1E7A4F7556}") = "SolutionInspector.Commons.Console", "SolutionInspector.Commons.Console\SolutionInspector.Commons.Console.csproj", "{13D7DA58-F2DD-4986-BA24-479CF4185368}"
EndProject
Project("{9A19103F-16F7-4668-BE54-9A1E7A4F7556}") = "SolutionInspector.BuildTool.Tests", "SolutionInspector.Configuration.SchemaGenerator.Tests\SolutionInspector.BuildTool.Tests.csproj", "{55B3E021-8287-4119-B8A3-E63DDF1E22FA}"
EndProject
Project("{9A19103F-16F7-4668-BE54-9A1E7A4F7556}") = "SolutionInspector.TestInfrastructure.Console", "SolutionInspector.TestInfrastructure.Console\SolutionInspector.TestInfrastructure.Console.csproj", "{0DFDF31D-2CE9-4D72-85BC-157A02B44608}"
EndProject
Project("{2150E333-8FDC-42A3-9474-1A3956D46DE8}") = "TestInfrastructure", "TestInfrastructure", "{47234910-AE11-476B-B47F-E2ACB210BB58}"
EndProject
Project("{2150E333-8FDC-42A3-9474-1A3956D46DE8}") = "SolutionInspector", "SolutionInspector", "{956FC539-0C71-4785-ABC7-5D0AC7C75F4A}"
EndProject
Project("{2150E333-8FDC-42A3-9474-1A3956D46DE8}") = "Configuration", "Configuration", "{4B083419-1641-46C4-A525-2E33A89A56FE}"
EndProject
Project("{2150E333-8FDC-42A3-9474-1A3956D46DE8}") = "Commons", "Commons", "{B360E5D4-C13E-456A-BBCF-2798880355C0}"
EndProject
Project("{2150E333-8FDC-42A3-9474-1A3956D46DE8}") = "Rules", "Rules", "{4F6225E8-550E-4845-8982-7AC5A0628AE1}"
EndProject
Project("{2150E333-8FDC-42A3-9474-1A3956D46DE8}") = "Api", "Api", "{75F237BC-8143-4960-8FE7-1AE88EC2831C}"
EndProject
Project("{2150E333-8FDC-42A3-9474-1A3956D46DE8}") = "Internals", "Internals", "{22EE6140-451A-4413-BEA7-1B8043E270E7}"
EndProject
Project("{2150E333-8FDC-42A3-9474-1A3956D46DE8}") = "BuildTool", "BuildTool", "{9F2533A9-47D9-4D1D-B91F-85967E1D693B}"
EndProject
Global
	GlobalSection(SolutionConfigurationPlatforms) = preSolution
		Debug|Any CPU = Debug|Any CPU
		Release|Any CPU = Release|Any CPU
	EndGlobalSection
	GlobalSection(ProjectConfigurationPlatforms) = postSolution
		{A05184B5-64A1-4341-8263-D0EFFCE473D1}.Debug|Any CPU.ActiveCfg = Debug|Any CPU
		{A05184B5-64A1-4341-8263-D0EFFCE473D1}.Debug|Any CPU.Build.0 = Debug|Any CPU
		{A05184B5-64A1-4341-8263-D0EFFCE473D1}.Release|Any CPU.ActiveCfg = Release|Any CPU
		{A05184B5-64A1-4341-8263-D0EFFCE473D1}.Release|Any CPU.Build.0 = Release|Any CPU
		{245E6AD9-9D48-40EA-BACD-4FA117752607}.Debug|Any CPU.ActiveCfg = Debug|Any CPU
		{245E6AD9-9D48-40EA-BACD-4FA117752607}.Debug|Any CPU.Build.0 = Debug|Any CPU
		{245E6AD9-9D48-40EA-BACD-4FA117752607}.Release|Any CPU.ActiveCfg = Release|Any CPU
		{245E6AD9-9D48-40EA-BACD-4FA117752607}.Release|Any CPU.Build.0 = Release|Any CPU
		{A0A4189F-B744-4206-B19A-335AC7765483}.Debug|Any CPU.ActiveCfg = Debug|Any CPU
		{A0A4189F-B744-4206-B19A-335AC7765483}.Debug|Any CPU.Build.0 = Debug|Any CPU
		{A0A4189F-B744-4206-B19A-335AC7765483}.Release|Any CPU.ActiveCfg = Release|Any CPU
		{A0A4189F-B744-4206-B19A-335AC7765483}.Release|Any CPU.Build.0 = Release|Any CPU
		{949D1FC7-01AC-4A6C-BB8E-577DA7EDE4BB}.Debug|Any CPU.ActiveCfg = Debug|Any CPU
		{949D1FC7-01AC-4A6C-BB8E-577DA7EDE4BB}.Debug|Any CPU.Build.0 = Debug|Any CPU
		{949D1FC7-01AC-4A6C-BB8E-577DA7EDE4BB}.Release|Any CPU.ActiveCfg = Release|Any CPU
		{949D1FC7-01AC-4A6C-BB8E-577DA7EDE4BB}.Release|Any CPU.Build.0 = Release|Any CPU
		{D1E791C5-3E5D-44F0-BDC1-58C20C990E9F}.Debug|Any CPU.ActiveCfg = Debug|Any CPU
		{D1E791C5-3E5D-44F0-BDC1-58C20C990E9F}.Debug|Any CPU.Build.0 = Debug|Any CPU
		{D1E791C5-3E5D-44F0-BDC1-58C20C990E9F}.Release|Any CPU.ActiveCfg = Release|Any CPU
		{D1E791C5-3E5D-44F0-BDC1-58C20C990E9F}.Release|Any CPU.Build.0 = Release|Any CPU
		{D8B6BF18-70FF-42EC-863B-FDAEC76A67C9}.Debug|Any CPU.ActiveCfg = Debug|Any CPU
		{D8B6BF18-70FF-42EC-863B-FDAEC76A67C9}.Debug|Any CPU.Build.0 = Debug|Any CPU
		{D8B6BF18-70FF-42EC-863B-FDAEC76A67C9}.Release|Any CPU.ActiveCfg = Release|Any CPU
		{D8B6BF18-70FF-42EC-863B-FDAEC76A67C9}.Release|Any CPU.Build.0 = Release|Any CPU
		{3EAFF724-93EA-4605-9AAC-1B1AD54ABF03}.Debug|Any CPU.ActiveCfg = Debug|Any CPU
		{3EAFF724-93EA-4605-9AAC-1B1AD54ABF03}.Debug|Any CPU.Build.0 = Debug|Any CPU
		{3EAFF724-93EA-4605-9AAC-1B1AD54ABF03}.Release|Any CPU.ActiveCfg = Release|Any CPU
		{3EAFF724-93EA-4605-9AAC-1B1AD54ABF03}.Release|Any CPU.Build.0 = Release|Any CPU
		{9D21633C-F351-4E20-96FF-628FDDA105A4}.Debug|Any CPU.ActiveCfg = Debug|Any CPU
		{9D21633C-F351-4E20-96FF-628FDDA105A4}.Debug|Any CPU.Build.0 = Debug|Any CPU
		{9D21633C-F351-4E20-96FF-628FDDA105A4}.Release|Any CPU.ActiveCfg = Release|Any CPU
		{9D21633C-F351-4E20-96FF-628FDDA105A4}.Release|Any CPU.Build.0 = Release|Any CPU
		{8CF17AA9-D192-4DDF-B35D-712EC98B1198}.Debug|Any CPU.ActiveCfg = Debug|Any CPU
		{8CF17AA9-D192-4DDF-B35D-712EC98B1198}.Debug|Any CPU.Build.0 = Debug|Any CPU
		{8CF17AA9-D192-4DDF-B35D-712EC98B1198}.Release|Any CPU.ActiveCfg = Release|Any CPU
		{8CF17AA9-D192-4DDF-B35D-712EC98B1198}.Release|Any CPU.Build.0 = Release|Any CPU
		{4041DF79-7DC6-4CA4-85AB-AC1DB118EA1A}.Debug|Any CPU.ActiveCfg = Debug|Any CPU
		{4041DF79-7DC6-4CA4-85AB-AC1DB118EA1A}.Debug|Any CPU.Build.0 = Debug|Any CPU
		{4041DF79-7DC6-4CA4-85AB-AC1DB118EA1A}.Release|Any CPU.ActiveCfg = Release|Any CPU
		{4041DF79-7DC6-4CA4-85AB-AC1DB118EA1A}.Release|Any CPU.Build.0 = Release|Any CPU
		{5E51EEFB-39DA-4CA8-8B17-67AB9A42C999}.Debug|Any CPU.ActiveCfg = Debug|Any CPU
		{5E51EEFB-39DA-4CA8-8B17-67AB9A42C999}.Debug|Any CPU.Build.0 = Debug|Any CPU
		{5E51EEFB-39DA-4CA8-8B17-67AB9A42C999}.Release|Any CPU.ActiveCfg = Release|Any CPU
		{5E51EEFB-39DA-4CA8-8B17-67AB9A42C999}.Release|Any CPU.Build.0 = Release|Any CPU
		{A21918D6-BD33-45E7-A81D-3DFFA0D970B4}.Debug|Any CPU.ActiveCfg = Debug|Any CPU
		{A21918D6-BD33-45E7-A81D-3DFFA0D970B4}.Debug|Any CPU.Build.0 = Debug|Any CPU
		{A21918D6-BD33-45E7-A81D-3DFFA0D970B4}.Release|Any CPU.ActiveCfg = Release|Any CPU
		{A21918D6-BD33-45E7-A81D-3DFFA0D970B4}.Release|Any CPU.Build.0 = Release|Any CPU
		{F8F0A954-F084-4E28-971D-30DE164FCB58}.Debug|Any CPU.ActiveCfg = Debug|Any CPU
		{F8F0A954-F084-4E28-971D-30DE164FCB58}.Debug|Any CPU.Build.0 = Debug|Any CPU
		{F8F0A954-F084-4E28-971D-30DE164FCB58}.Release|Any CPU.ActiveCfg = Release|Any CPU
		{F8F0A954-F084-4E28-971D-30DE164FCB58}.Release|Any CPU.Build.0 = Release|Any CPU
		{A094B4E4-7328-4A4C-9474-F12F483F03E3}.Debug|Any CPU.ActiveCfg = Debug|Any CPU
		{A094B4E4-7328-4A4C-9474-F12F483F03E3}.Debug|Any CPU.Build.0 = Debug|Any CPU
		{A094B4E4-7328-4A4C-9474-F12F483F03E3}.Release|Any CPU.ActiveCfg = Release|Any CPU
		{A094B4E4-7328-4A4C-9474-F12F483F03E3}.Release|Any CPU.Build.0 = Release|Any CPU
		{429DBE70-63FC-4B80-8402-FF7361495793}.Debug|Any CPU.ActiveCfg = Debug|Any CPU
		{429DBE70-63FC-4B80-8402-FF7361495793}.Debug|Any CPU.Build.0 = Debug|Any CPU
		{429DBE70-63FC-4B80-8402-FF7361495793}.Release|Any CPU.ActiveCfg = Release|Any CPU
		{429DBE70-63FC-4B80-8402-FF7361495793}.Release|Any CPU.Build.0 = Release|Any CPU
		{9726E306-82A3-40B6-A95E-2B9DF0F9923C}.Debug|Any CPU.ActiveCfg = Debug|Any CPU
		{9726E306-82A3-40B6-A95E-2B9DF0F9923C}.Debug|Any CPU.Build.0 = Debug|Any CPU
		{9726E306-82A3-40B6-A95E-2B9DF0F9923C}.Release|Any CPU.ActiveCfg = Release|Any CPU
		{9726E306-82A3-40B6-A95E-2B9DF0F9923C}.Release|Any CPU.Build.0 = Release|Any CPU
		{13D7DA58-F2DD-4986-BA24-479CF4185368}.Debug|Any CPU.ActiveCfg = Debug|Any CPU
		{13D7DA58-F2DD-4986-BA24-479CF4185368}.Debug|Any CPU.Build.0 = Debug|Any CPU
		{13D7DA58-F2DD-4986-BA24-479CF4185368}.Release|Any CPU.ActiveCfg = Release|Any CPU
		{13D7DA58-F2DD-4986-BA24-479CF4185368}.Release|Any CPU.Build.0 = Release|Any CPU
		{55B3E021-8287-4119-B8A3-E63DDF1E22FA}.Debug|Any CPU.ActiveCfg = Debug|Any CPU
		{55B3E021-8287-4119-B8A3-E63DDF1E22FA}.Debug|Any CPU.Build.0 = Debug|Any CPU
		{55B3E021-8287-4119-B8A3-E63DDF1E22FA}.Release|Any CPU.ActiveCfg = Release|Any CPU
		{55B3E021-8287-4119-B8A3-E63DDF1E22FA}.Release|Any CPU.Build.0 = Release|Any CPU
		{0DFDF31D-2CE9-4D72-85BC-157A02B44608}.Debug|Any CPU.ActiveCfg = Debug|Any CPU
		{0DFDF31D-2CE9-4D72-85BC-157A02B44608}.Debug|Any CPU.Build.0 = Debug|Any CPU
		{0DFDF31D-2CE9-4D72-85BC-157A02B44608}.Release|Any CPU.ActiveCfg = Release|Any CPU
		{0DFDF31D-2CE9-4D72-85BC-157A02B44608}.Release|Any CPU.Build.0 = Release|Any CPU
	EndGlobalSection
	GlobalSection(SolutionProperties) = preSolution
		HideSolutionNode = FALSE
	EndGlobalSection
	GlobalSection(NestedProjects) = preSolution
		{A05184B5-64A1-4341-8263-D0EFFCE473D1} = {956FC539-0C71-4785-ABC7-5D0AC7C75F4A}
		{245E6AD9-9D48-40EA-BACD-4FA117752607} = {B360E5D4-C13E-456A-BBCF-2798880355C0}
		{A0A4189F-B744-4206-B19A-335AC7765483} = {4B083419-1641-46C4-A525-2E33A89A56FE}
		{949D1FC7-01AC-4A6C-BB8E-577DA7EDE4BB} = {75F237BC-8143-4960-8FE7-1AE88EC2831C}
		{D1E791C5-3E5D-44F0-BDC1-58C20C990E9F} = {22EE6140-451A-4413-BEA7-1B8043E270E7}
		{D8B6BF18-70FF-42EC-863B-FDAEC76A67C9} = {4F6225E8-550E-4845-8982-7AC5A0628AE1}
		{3EAFF724-93EA-4605-9AAC-1B1AD54ABF03} = {956FC539-0C71-4785-ABC7-5D0AC7C75F4A}
		{9D21633C-F351-4E20-96FF-628FDDA105A4} = {47234910-AE11-476B-B47F-E2ACB210BB58}
		{8CF17AA9-D192-4DDF-B35D-712EC98B1198} = {22EE6140-451A-4413-BEA7-1B8043E270E7}
		{4041DF79-7DC6-4CA4-85AB-AC1DB118EA1A} = {4F6225E8-550E-4845-8982-7AC5A0628AE1}
		{5E51EEFB-39DA-4CA8-8B17-67AB9A42C999} = {4B083419-1641-46C4-A525-2E33A89A56FE}
		{A21918D6-BD33-45E7-A81D-3DFFA0D970B4} = {B360E5D4-C13E-456A-BBCF-2798880355C0}
		{F8F0A954-F084-4E28-971D-30DE164FCB58} = {75F237BC-8143-4960-8FE7-1AE88EC2831C}
		{691AAF90-584D-46C8-962C-8F375A6D30B9} = {BE126A92-30D9-43F3-9083-1B3A833F0FDC}
		{A094B4E4-7328-4A4C-9474-F12F483F03E3} = {27820656-B298-448B-8385-7E06805C5822}
		{429DBE70-63FC-4B80-8402-FF7361495793} = {47234910-AE11-476B-B47F-E2ACB210BB58}
		{9726E306-82A3-40B6-A95E-2B9DF0F9923C} = {9F2533A9-47D9-4D1D-B91F-85967E1D693B}
		{13D7DA58-F2DD-4986-BA24-479CF4185368} = {B360E5D4-C13E-456A-BBCF-2798880355C0}
		{55B3E021-8287-4119-B8A3-E63DDF1E22FA} = {9F2533A9-47D9-4D1D-B91F-85967E1D693B}
		{0DFDF31D-2CE9-4D72-85BC-157A02B44608} = {47234910-AE11-476B-B47F-E2ACB210BB58}
	EndGlobalSection
	GlobalSection(ExtensibilityGlobals) = postSolution
		SolutionGuid = {705F5CAD-9347-4354-9B67-4A7745BCA72D}
	EndGlobalSection
EndGlobal
